// !$*UTF8*$!
{
	archiveVersion = 1;
	classes = {
	};
	objectVersion = 51;
	objects = {

/* Begin PBXBuildFile section */
		0A106B5B24087F720032EFC5 /* Utilities.swift in Sources */ = {isa = PBXBuildFile; fileRef = 0A106B5A24087F720032EFC5 /* Utilities.swift */; };
		0A106B5D24088CC00032EFC5 /* Constants.swift in Sources */ = {isa = PBXBuildFile; fileRef = 0A106B5C24088CBF0032EFC5 /* Constants.swift */; };
		0A3AD329240A47340047CAA9 /* Face ID not recognized.png in Resources */ = {isa = PBXBuildFile; fileRef = 0A3AD322240A47330047CAA9 /* Face ID not recognized.png */; };
		0A3AD32A240A47340047CAA9 /* Face ID screen.png in Resources */ = {isa = PBXBuildFile; fileRef = 0A3AD323240A47330047CAA9 /* Face ID screen.png */; };
		0A3AD32B240A47340047CAA9 /* SignUp.png in Resources */ = {isa = PBXBuildFile; fileRef = 0A3AD324240A47330047CAA9 /* SignUp.png */; };
		0A3AD32C240A47340047CAA9 /* Login.png in Resources */ = {isa = PBXBuildFile; fileRef = 0A3AD325240A47330047CAA9 /* Login.png */; };
		0A3AD32D240A47340047CAA9 /* Main.png in Resources */ = {isa = PBXBuildFile; fileRef = 0A3AD326240A47340047CAA9 /* Main.png */; };
		0A3AD32E240A47340047CAA9 /* Allow msg for face ID.png in Resources */ = {isa = PBXBuildFile; fileRef = 0A3AD327240A47340047CAA9 /* Allow msg for face ID.png */; };
		0A3AD32F240A47340047CAA9 /* Inavalid password Error.png in Resources */ = {isa = PBXBuildFile; fileRef = 0A3AD328240A47340047CAA9 /* Inavalid password Error.png */; };
		0A3AD34E240A85F70047CAA9 /* EventHomeViewController.swift in Sources */ = {isa = PBXBuildFile; fileRef = 0A3AD34D240A85F70047CAA9 /* EventHomeViewController.swift */; };
		0A3AD357240B4E1C0047CAA9 /* EventDetailViewController.swift in Sources */ = {isa = PBXBuildFile; fileRef = 0A3AD356240B4E1C0047CAA9 /* EventDetailViewController.swift */; };
		0A3AD359240B56980047CAA9 /* EventTimeline.swift in Sources */ = {isa = PBXBuildFile; fileRef = 0A3AD358240B56980047CAA9 /* EventTimeline.swift */; };
		0AC1F3BC24061B1C00FC2C81 /* GoogleService-Info.plist in Resources */ = {isa = PBXBuildFile; fileRef = 0A9BF17E2402F74B000B8FD9 /* GoogleService-Info.plist */; };
		0AD2A7162406BC4F000D3A92 /* Main.storyboard in Resources */ = {isa = PBXBuildFile; fileRef = 0AD2A7152406BC4F000D3A92 /* Main.storyboard */; };
		0AD2A7182406BD11000D3A92 /* LaunchScreen.storyboard in Resources */ = {isa = PBXBuildFile; fileRef = 0AD2A7172406BD11000D3A92 /* LaunchScreen.storyboard */; };
		0AD2A7192406BF40000D3A92 /* Assets.xcassets in Resources */ = {isa = PBXBuildFile; fileRef = 0AE92D8C23EED3430062E536 /* Assets.xcassets */; };
		0AE84B3523FE3D1A006525E0 /* LoginViewController.swift in Sources */ = {isa = PBXBuildFile; fileRef = 0AE84B3423FE3D1A006525E0 /* LoginViewController.swift */; };
		0AE84B3723FE3D29006525E0 /* SignUpViewController.swift in Sources */ = {isa = PBXBuildFile; fileRef = 0AE84B3623FE3D29006525E0 /* SignUpViewController.swift */; };
		0AE84B3923FE3D47006525E0 /* HomeViewController.swift in Sources */ = {isa = PBXBuildFile; fileRef = 0AE84B3823FE3D47006525E0 /* HomeViewController.swift */; };
		0AE92D8623EED3420062E536 /* AppDelegate.swift in Sources */ = {isa = PBXBuildFile; fileRef = 0AE92D8523EED3420062E536 /* AppDelegate.swift */; };
		0AE92D8823EED3420062E536 /* ViewController.swift in Sources */ = {isa = PBXBuildFile; fileRef = 0AE92D8723EED3420062E536 /* ViewController.swift */; };
		0AE92D9B23EED3430062E536 /* GayaniMadahapola_cobsccomp182p_002Tests.swift in Sources */ = {isa = PBXBuildFile; fileRef = 0AE92D9A23EED3430062E536 /* GayaniMadahapola_cobsccomp182p_002Tests.swift */; };
		0AE92DA623EED3430062E536 /* GayaniMadahapola_cobsccomp182p_002UITests.swift in Sources */ = {isa = PBXBuildFile; fileRef = 0AE92DA523EED3430062E536 /* GayaniMadahapola_cobsccomp182p_002UITests.swift */; };
		456076368E74455F0FB24934 /* Pods_GayaniMadahapola_cobsccomp182p_002Tests.framework in Frameworks */ = {isa = PBXBuildFile; fileRef = D703117760412AFB96F34CDB /* Pods_GayaniMadahapola_cobsccomp182p_002Tests.framework */; };
		652A569B6D24583E0AF88C4D /* Pods_GayaniMadahapola_cobsccomp182p_002.framework in Frameworks */ = {isa = PBXBuildFile; fileRef = 0E521EC76F5358F9ED3F88AA /* Pods_GayaniMadahapola_cobsccomp182p_002.framework */; };
		99282F85FE2CBB91C544E310 /* Pods_GayaniMadahapola_cobsccomp182p_002_GayaniMadahapola_cobsccomp182p_002UITests.framework in Frameworks */ = {isa = PBXBuildFile; fileRef = 7CEE55E7E4E25C85DA0493AC /* Pods_GayaniMadahapola_cobsccomp182p_002_GayaniMadahapola_cobsccomp182p_002UITests.framework */; };
/* End PBXBuildFile section */

/* Begin PBXContainerItemProxy section */
		0AE92D9723EED3430062E536 /* PBXContainerItemProxy */ = {
			isa = PBXContainerItemProxy;
			containerPortal = 0AE92D7A23EED3420062E536 /* Project object */;
			proxyType = 1;
			remoteGlobalIDString = 0AE92D8123EED3420062E536;
			remoteInfo = "GayaniMadahapola-cobsccomp182p-002";
		};
		0AE92DA223EED3430062E536 /* PBXContainerItemProxy */ = {
			isa = PBXContainerItemProxy;
			containerPortal = 0AE92D7A23EED3420062E536 /* Project object */;
			proxyType = 1;
			remoteGlobalIDString = 0AE92D8123EED3420062E536;
			remoteInfo = "GayaniMadahapola-cobsccomp182p-002";
		};
/* End PBXContainerItemProxy section */

/* Begin PBXFileReference section */
		05CFA6D4D7C9F4D33EEB4F0F /* Pods-GayaniMadahapola-cobsccomp182p-002-GayaniMadahapola-cobsccomp182p-002UITests.debug.xcconfig */ = {isa = PBXFileReference; includeInIndex = 1; lastKnownFileType = text.xcconfig; name = "Pods-GayaniMadahapola-cobsccomp182p-002-GayaniMadahapola-cobsccomp182p-002UITests.debug.xcconfig"; path = "Target Support Files/Pods-GayaniMadahapola-cobsccomp182p-002-GayaniMadahapola-cobsccomp182p-002UITests/Pods-GayaniMadahapola-cobsccomp182p-002-GayaniMadahapola-cobsccomp182p-002UITests.debug.xcconfig"; sourceTree = "<group>"; };
		0A106B5A24087F720032EFC5 /* Utilities.swift */ = {isa = PBXFileReference; lastKnownFileType = sourcecode.swift; path = Utilities.swift; sourceTree = "<group>"; };
		0A106B5C24088CBF0032EFC5 /* Constants.swift */ = {isa = PBXFileReference; fileEncoding = 4; lastKnownFileType = sourcecode.swift; path = Constants.swift; sourceTree = "<group>"; };
		0A3AD322240A47330047CAA9 /* Face ID not recognized.png */ = {isa = PBXFileReference; lastKnownFileType = image.png; path = "Face ID not recognized.png"; sourceTree = "<group>"; };
		0A3AD323240A47330047CAA9 /* Face ID screen.png */ = {isa = PBXFileReference; lastKnownFileType = image.png; path = "Face ID screen.png"; sourceTree = "<group>"; };
		0A3AD324240A47330047CAA9 /* SignUp.png */ = {isa = PBXFileReference; lastKnownFileType = image.png; path = SignUp.png; sourceTree = "<group>"; };
		0A3AD325240A47330047CAA9 /* Login.png */ = {isa = PBXFileReference; lastKnownFileType = image.png; path = Login.png; sourceTree = "<group>"; };
		0A3AD326240A47340047CAA9 /* Main.png */ = {isa = PBXFileReference; lastKnownFileType = image.png; path = Main.png; sourceTree = "<group>"; };
		0A3AD327240A47340047CAA9 /* Allow msg for face ID.png */ = {isa = PBXFileReference; lastKnownFileType = image.png; path = "Allow msg for face ID.png"; sourceTree = "<group>"; };
		0A3AD328240A47340047CAA9 /* Inavalid password Error.png */ = {isa = PBXFileReference; lastKnownFileType = image.png; path = "Inavalid password Error.png"; sourceTree = "<group>"; };
		0A3AD34D240A85F70047CAA9 /* EventHomeViewController.swift */ = {isa = PBXFileReference; lastKnownFileType = sourcecode.swift; path = EventHomeViewController.swift; sourceTree = "<group>"; };
		0A3AD356240B4E1C0047CAA9 /* EventDetailViewController.swift */ = {isa = PBXFileReference; lastKnownFileType = sourcecode.swift; path = EventDetailViewController.swift; sourceTree = "<group>"; };
		0A3AD358240B56980047CAA9 /* EventTimeline.swift */ = {isa = PBXFileReference; lastKnownFileType = sourcecode.swift; path = EventTimeline.swift; sourceTree = "<group>"; };
		0A9BF17E2402F74B000B8FD9 /* GoogleService-Info.plist */ = {isa = PBXFileReference; fileEncoding = 4; lastKnownFileType = text.plist.xml; path = "GoogleService-Info.plist"; sourceTree = "<group>"; };
		0AD2A7152406BC4F000D3A92 /* Main.storyboard */ = {isa = PBXFileReference; lastKnownFileType = file.storyboard; path = Main.storyboard; sourceTree = "<group>"; };
		0AD2A7172406BD11000D3A92 /* LaunchScreen.storyboard */ = {isa = PBXFileReference; lastKnownFileType = file.storyboard; path = LaunchScreen.storyboard; sourceTree = "<group>"; };
		0AE84B3423FE3D1A006525E0 /* LoginViewController.swift */ = {isa = PBXFileReference; lastKnownFileType = sourcecode.swift; path = LoginViewController.swift; sourceTree = "<group>"; };
		0AE84B3623FE3D29006525E0 /* SignUpViewController.swift */ = {isa = PBXFileReference; lastKnownFileType = sourcecode.swift; path = SignUpViewController.swift; sourceTree = "<group>"; };
		0AE84B3823FE3D47006525E0 /* HomeViewController.swift */ = {isa = PBXFileReference; lastKnownFileType = sourcecode.swift; path = HomeViewController.swift; sourceTree = "<group>"; };
		0AE92D8223EED3420062E536 /* GayaniMadahapola-cobsccomp182p-002.app */ = {isa = PBXFileReference; explicitFileType = wrapper.application; includeInIndex = 0; path = "GayaniMadahapola-cobsccomp182p-002.app"; sourceTree = BUILT_PRODUCTS_DIR; };
		0AE92D8523EED3420062E536 /* AppDelegate.swift */ = {isa = PBXFileReference; lastKnownFileType = sourcecode.swift; path = AppDelegate.swift; sourceTree = "<group>"; };
		0AE92D8723EED3420062E536 /* ViewController.swift */ = {isa = PBXFileReference; lastKnownFileType = sourcecode.swift; path = ViewController.swift; sourceTree = "<group>"; };
		0AE92D8C23EED3430062E536 /* Assets.xcassets */ = {isa = PBXFileReference; lastKnownFileType = folder.assetcatalog; path = Assets.xcassets; sourceTree = "<group>"; };
		0AE92D9123EED3430062E536 /* Info.plist */ = {isa = PBXFileReference; lastKnownFileType = text.plist.xml; path = Info.plist; sourceTree = "<group>"; };
		0AE92D9623EED3430062E536 /* GayaniMadahapola-cobsccomp182p-002Tests.xctest */ = {isa = PBXFileReference; explicitFileType = wrapper.cfbundle; includeInIndex = 0; path = "GayaniMadahapola-cobsccomp182p-002Tests.xctest"; sourceTree = BUILT_PRODUCTS_DIR; };
		0AE92D9A23EED3430062E536 /* GayaniMadahapola_cobsccomp182p_002Tests.swift */ = {isa = PBXFileReference; lastKnownFileType = sourcecode.swift; path = GayaniMadahapola_cobsccomp182p_002Tests.swift; sourceTree = "<group>"; };
		0AE92D9C23EED3430062E536 /* Info.plist */ = {isa = PBXFileReference; lastKnownFileType = text.plist.xml; path = Info.plist; sourceTree = "<group>"; };
		0AE92DA123EED3430062E536 /* GayaniMadahapola-cobsccomp182p-002UITests.xctest */ = {isa = PBXFileReference; explicitFileType = wrapper.cfbundle; includeInIndex = 0; path = "GayaniMadahapola-cobsccomp182p-002UITests.xctest"; sourceTree = BUILT_PRODUCTS_DIR; };
		0AE92DA523EED3430062E536 /* GayaniMadahapola_cobsccomp182p_002UITests.swift */ = {isa = PBXFileReference; lastKnownFileType = sourcecode.swift; path = GayaniMadahapola_cobsccomp182p_002UITests.swift; sourceTree = "<group>"; };
		0AE92DA723EED3430062E536 /* Info.plist */ = {isa = PBXFileReference; lastKnownFileType = text.plist.xml; path = Info.plist; sourceTree = "<group>"; };
		0C4CDBFDCE549B1B5B057069 /* Pods-GayaniMadahapola-cobsccomp182p-002.release.xcconfig */ = {isa = PBXFileReference; includeInIndex = 1; lastKnownFileType = text.xcconfig; name = "Pods-GayaniMadahapola-cobsccomp182p-002.release.xcconfig"; path = "Target Support Files/Pods-GayaniMadahapola-cobsccomp182p-002/Pods-GayaniMadahapola-cobsccomp182p-002.release.xcconfig"; sourceTree = "<group>"; };
		0E521EC76F5358F9ED3F88AA /* Pods_GayaniMadahapola_cobsccomp182p_002.framework */ = {isa = PBXFileReference; explicitFileType = wrapper.framework; includeInIndex = 0; path = Pods_GayaniMadahapola_cobsccomp182p_002.framework; sourceTree = BUILT_PRODUCTS_DIR; };
		1BF00D85456B22B9F80D4C22 /* Pods-GayaniMadahapola-cobsccomp182p-002Tests.debug.xcconfig */ = {isa = PBXFileReference; includeInIndex = 1; lastKnownFileType = text.xcconfig; name = "Pods-GayaniMadahapola-cobsccomp182p-002Tests.debug.xcconfig"; path = "Target Support Files/Pods-GayaniMadahapola-cobsccomp182p-002Tests/Pods-GayaniMadahapola-cobsccomp182p-002Tests.debug.xcconfig"; sourceTree = "<group>"; };
		50E690BB166B98AB2FC3F1AE /* Pods-GayaniMadahapola-cobsccomp182p-002.debug.xcconfig */ = {isa = PBXFileReference; includeInIndex = 1; lastKnownFileType = text.xcconfig; name = "Pods-GayaniMadahapola-cobsccomp182p-002.debug.xcconfig"; path = "Target Support Files/Pods-GayaniMadahapola-cobsccomp182p-002/Pods-GayaniMadahapola-cobsccomp182p-002.debug.xcconfig"; sourceTree = "<group>"; };
		73BDF462A3635B4B831B6946 /* Pods-GayaniMadahapola-cobsccomp182p-002-GayaniMadahapola-cobsccomp182p-002UITests.release.xcconfig */ = {isa = PBXFileReference; includeInIndex = 1; lastKnownFileType = text.xcconfig; name = "Pods-GayaniMadahapola-cobsccomp182p-002-GayaniMadahapola-cobsccomp182p-002UITests.release.xcconfig"; path = "Target Support Files/Pods-GayaniMadahapola-cobsccomp182p-002-GayaniMadahapola-cobsccomp182p-002UITests/Pods-GayaniMadahapola-cobsccomp182p-002-GayaniMadahapola-cobsccomp182p-002UITests.release.xcconfig"; sourceTree = "<group>"; };
		7CEE55E7E4E25C85DA0493AC /* Pods_GayaniMadahapola_cobsccomp182p_002_GayaniMadahapola_cobsccomp182p_002UITests.framework */ = {isa = PBXFileReference; explicitFileType = wrapper.framework; includeInIndex = 0; path = Pods_GayaniMadahapola_cobsccomp182p_002_GayaniMadahapola_cobsccomp182p_002UITests.framework; sourceTree = BUILT_PRODUCTS_DIR; };
		D703117760412AFB96F34CDB /* Pods_GayaniMadahapola_cobsccomp182p_002Tests.framework */ = {isa = PBXFileReference; explicitFileType = wrapper.framework; includeInIndex = 0; path = Pods_GayaniMadahapola_cobsccomp182p_002Tests.framework; sourceTree = BUILT_PRODUCTS_DIR; };
		ED9204619C43F008A10146FC /* Pods-GayaniMadahapola-cobsccomp182p-002Tests.release.xcconfig */ = {isa = PBXFileReference; includeInIndex = 1; lastKnownFileType = text.xcconfig; name = "Pods-GayaniMadahapola-cobsccomp182p-002Tests.release.xcconfig"; path = "Target Support Files/Pods-GayaniMadahapola-cobsccomp182p-002Tests/Pods-GayaniMadahapola-cobsccomp182p-002Tests.release.xcconfig"; sourceTree = "<group>"; };
/* End PBXFileReference section */

/* Begin PBXFrameworksBuildPhase section */
		0AE92D7F23EED3420062E536 /* Frameworks */ = {
			isa = PBXFrameworksBuildPhase;
			buildActionMask = 2147483647;
			files = (
				652A569B6D24583E0AF88C4D /* Pods_GayaniMadahapola_cobsccomp182p_002.framework in Frameworks */,
			);
			runOnlyForDeploymentPostprocessing = 0;
		};
		0AE92D9323EED3430062E536 /* Frameworks */ = {
			isa = PBXFrameworksBuildPhase;
			buildActionMask = 2147483647;
			files = (
				456076368E74455F0FB24934 /* Pods_GayaniMadahapola_cobsccomp182p_002Tests.framework in Frameworks */,
			);
			runOnlyForDeploymentPostprocessing = 0;
		};
		0AE92D9E23EED3430062E536 /* Frameworks */ = {
			isa = PBXFrameworksBuildPhase;
			buildActionMask = 2147483647;
			files = (
				99282F85FE2CBB91C544E310 /* Pods_GayaniMadahapola_cobsccomp182p_002_GayaniMadahapola_cobsccomp182p_002UITests.framework in Frameworks */,
			);
			runOnlyForDeploymentPostprocessing = 0;
		};
/* End PBXFrameworksBuildPhase section */

/* Begin PBXGroup section */
		0A3AD321240A46E80047CAA9 /* Screens */ = {
			isa = PBXGroup;
			children = (
				0A3AD327240A47340047CAA9 /* Allow msg for face ID.png */,
				0A3AD322240A47330047CAA9 /* Face ID not recognized.png */,
				0A3AD323240A47330047CAA9 /* Face ID screen.png */,
				0A3AD328240A47340047CAA9 /* Inavalid password Error.png */,
				0A3AD325240A47330047CAA9 /* Login.png */,
				0A3AD326240A47340047CAA9 /* Main.png */,
				0A3AD324240A47330047CAA9 /* SignUp.png */,
			);
			path = Screens;
			sourceTree = "<group>";
		};
		0AE92D7923EED3420062E536 = {
			isa = PBXGroup;
			children = (
				0AE92D8423EED3420062E536 /* GayaniMadahapola-cobsccomp182p-002 */,
				0AE92D9923EED3430062E536 /* GayaniMadahapola-cobsccomp182p-002Tests */,
				0AE92DA423EED3430062E536 /* GayaniMadahapola-cobsccomp182p-002UITests */,
				0AE92D8323EED3420062E536 /* Products */,
				24686A6892948DA1D2896D32 /* Frameworks */,
				D24F2EE2532D14515FE63147 /* Pods */,
			);
			sourceTree = "<group>";
		};
		0AE92D8323EED3420062E536 /* Products */ = {
			isa = PBXGroup;
			children = (
				0AE92D8223EED3420062E536 /* GayaniMadahapola-cobsccomp182p-002.app */,
				0AE92D9623EED3430062E536 /* GayaniMadahapola-cobsccomp182p-002Tests.xctest */,
				0AE92DA123EED3430062E536 /* GayaniMadahapola-cobsccomp182p-002UITests.xctest */,
			);
			name = Products;
			sourceTree = "<group>";
		};
		0AE92D8423EED3420062E536 /* GayaniMadahapola-cobsccomp182p-002 */ = {
			isa = PBXGroup;
			children = (
				0AE92D8C23EED3430062E536 /* Assets.xcassets */,
				0AE92D8523EED3420062E536 /* AppDelegate.swift */,
				0AEF807B23EF20D500FA4528 /* Views */,
				0AE92DB323EED8C70062E536 /* Controllers */,
				0AE92DB423EED8ED0062E536 /* Helpers */,
				0AE92DB523EED9350062E536 /* Network */,
				0AE92DB623EED96B0062E536 /* Resources */,
				0AE92DB723EED9BB0062E536 /* Supportings */,
				0AE92D9123EED3430062E536 /* Info.plist */,
				0A9BF17E2402F74B000B8FD9 /* GoogleService-Info.plist */,
				0A3AD321240A46E80047CAA9 /* Screens */,
			);
			path = "GayaniMadahapola-cobsccomp182p-002";
			sourceTree = "<group>";
		};
		0AE92D9923EED3430062E536 /* GayaniMadahapola-cobsccomp182p-002Tests */ = {
			isa = PBXGroup;
			children = (
				0AE92D9A23EED3430062E536 /* GayaniMadahapola_cobsccomp182p_002Tests.swift */,
				0AE92D9C23EED3430062E536 /* Info.plist */,
			);
			path = "GayaniMadahapola-cobsccomp182p-002Tests";
			sourceTree = "<group>";
		};
		0AE92DA423EED3430062E536 /* GayaniMadahapola-cobsccomp182p-002UITests */ = {
			isa = PBXGroup;
			children = (
				0AE92DA523EED3430062E536 /* GayaniMadahapola_cobsccomp182p_002UITests.swift */,
				0AE92DA723EED3430062E536 /* Info.plist */,
			);
			path = "GayaniMadahapola-cobsccomp182p-002UITests";
			sourceTree = "<group>";
		};
		0AE92DB323EED8C70062E536 /* Controllers */ = {
			isa = PBXGroup;
			children = (
				0AE92D8723EED3420062E536 /* ViewController.swift */,
				0AE84B3423FE3D1A006525E0 /* LoginViewController.swift */,
				0AE84B3623FE3D29006525E0 /* SignUpViewController.swift */,
				0AE84B3823FE3D47006525E0 /* HomeViewController.swift */,
				0A3AD34D240A85F70047CAA9 /* EventHomeViewController.swift */,
				0A3AD356240B4E1C0047CAA9 /* EventDetailViewController.swift */,
				0A3AD358240B56980047CAA9 /* EventTimeline.swift */,
			);
			path = Controllers;
			sourceTree = "<group>";
		};
		0AE92DB423EED8ED0062E536 /* Helpers */ = {
			isa = PBXGroup;
			children = (
				0A106B5A24087F720032EFC5 /* Utilities.swift */,
				0A106B5C24088CBF0032EFC5 /* Constants.swift */,
			);
			path = Helpers;
			sourceTree = "<group>";
		};
		0AE92DB523EED9350062E536 /* Network */ = {
			isa = PBXGroup;
			children = (
			);
			path = Network;
			sourceTree = "<group>";
		};
		0AE92DB623EED96B0062E536 /* Resources */ = {
			isa = PBXGroup;
			children = (
			);
			path = Resources;
			sourceTree = "<group>";
		};
		0AE92DB723EED9BB0062E536 /* Supportings */ = {
			isa = PBXGroup;
			children = (
			);
			path = Supportings;
			sourceTree = "<group>";
		};
		0AEF807B23EF20D500FA4528 /* Views */ = {
			isa = PBXGroup;
			children = (
				0AD2A7152406BC4F000D3A92 /* Main.storyboard */,
				0AD2A7172406BD11000D3A92 /* LaunchScreen.storyboard */,
			);
			path = Views;
			sourceTree = "<group>";
		};
		24686A6892948DA1D2896D32 /* Frameworks */ = {
			isa = PBXGroup;
			children = (
				0E521EC76F5358F9ED3F88AA /* Pods_GayaniMadahapola_cobsccomp182p_002.framework */,
				7CEE55E7E4E25C85DA0493AC /* Pods_GayaniMadahapola_cobsccomp182p_002_GayaniMadahapola_cobsccomp182p_002UITests.framework */,
				D703117760412AFB96F34CDB /* Pods_GayaniMadahapola_cobsccomp182p_002Tests.framework */,
			);
			name = Frameworks;
			sourceTree = "<group>";
		};
		D24F2EE2532D14515FE63147 /* Pods */ = {
			isa = PBXGroup;
			children = (
				50E690BB166B98AB2FC3F1AE /* Pods-GayaniMadahapola-cobsccomp182p-002.debug.xcconfig */,
				0C4CDBFDCE549B1B5B057069 /* Pods-GayaniMadahapola-cobsccomp182p-002.release.xcconfig */,
				05CFA6D4D7C9F4D33EEB4F0F /* Pods-GayaniMadahapola-cobsccomp182p-002-GayaniMadahapola-cobsccomp182p-002UITests.debug.xcconfig */,
				73BDF462A3635B4B831B6946 /* Pods-GayaniMadahapola-cobsccomp182p-002-GayaniMadahapola-cobsccomp182p-002UITests.release.xcconfig */,
				1BF00D85456B22B9F80D4C22 /* Pods-GayaniMadahapola-cobsccomp182p-002Tests.debug.xcconfig */,
				ED9204619C43F008A10146FC /* Pods-GayaniMadahapola-cobsccomp182p-002Tests.release.xcconfig */,
			);
			path = Pods;
			sourceTree = "<group>";
		};
/* End PBXGroup section */

/* Begin PBXNativeTarget section */
		0AE92D8123EED3420062E536 /* GayaniMadahapola-cobsccomp182p-002 */ = {
			isa = PBXNativeTarget;
			buildConfigurationList = 0AE92DAA23EED3430062E536 /* Build configuration list for PBXNativeTarget "GayaniMadahapola-cobsccomp182p-002" */;
			buildPhases = (
				E418868605EC366C0A67B93D /* [CP] Check Pods Manifest.lock */,
				0AE92D7E23EED3420062E536 /* Sources */,
				0AE92D7F23EED3420062E536 /* Frameworks */,
				0AE92D8023EED3420062E536 /* Resources */,
				124A37E5BD68EF430CF377E3 /* [CP] Embed Pods Frameworks */,
			);
			buildRules = (
			);
			dependencies = (
			);
			name = "GayaniMadahapola-cobsccomp182p-002";
			productName = "GayaniMadahapola-cobsccomp182p-002";
			productReference = 0AE92D8223EED3420062E536 /* GayaniMadahapola-cobsccomp182p-002.app */;
			productType = "com.apple.product-type.application";
		};
		0AE92D9523EED3430062E536 /* GayaniMadahapola-cobsccomp182p-002Tests */ = {
			isa = PBXNativeTarget;
			buildConfigurationList = 0AE92DAD23EED3430062E536 /* Build configuration list for PBXNativeTarget "GayaniMadahapola-cobsccomp182p-002Tests" */;
			buildPhases = (
				E10702B2F4203ABB46821C62 /* [CP] Check Pods Manifest.lock */,
				0AE92D9223EED3430062E536 /* Sources */,
				0AE92D9323EED3430062E536 /* Frameworks */,
				0AE92D9423EED3430062E536 /* Resources */,
			);
			buildRules = (
			);
			dependencies = (
				0AE92D9823EED3430062E536 /* PBXTargetDependency */,
			);
			name = "GayaniMadahapola-cobsccomp182p-002Tests";
			productName = "GayaniMadahapola-cobsccomp182p-002Tests";
			productReference = 0AE92D9623EED3430062E536 /* GayaniMadahapola-cobsccomp182p-002Tests.xctest */;
			productType = "com.apple.product-type.bundle.unit-test";
		};
		0AE92DA023EED3430062E536 /* GayaniMadahapola-cobsccomp182p-002UITests */ = {
			isa = PBXNativeTarget;
			buildConfigurationList = 0AE92DB023EED3430062E536 /* Build configuration list for PBXNativeTarget "GayaniMadahapola-cobsccomp182p-002UITests" */;
			buildPhases = (
				3C325FE24E5C7E82F42356DD /* [CP] Check Pods Manifest.lock */,
				0AE92D9D23EED3430062E536 /* Sources */,
				0AE92D9E23EED3430062E536 /* Frameworks */,
				0AE92D9F23EED3430062E536 /* Resources */,
				DB37E9814048407B32CC4C5A /* [CP] Embed Pods Frameworks */,
			);
			buildRules = (
			);
			dependencies = (
				0AE92DA323EED3430062E536 /* PBXTargetDependency */,
			);
			name = "GayaniMadahapola-cobsccomp182p-002UITests";
			productName = "GayaniMadahapola-cobsccomp182p-002UITests";
			productReference = 0AE92DA123EED3430062E536 /* GayaniMadahapola-cobsccomp182p-002UITests.xctest */;
			productType = "com.apple.product-type.bundle.ui-testing";
		};
/* End PBXNativeTarget section */

/* Begin PBXProject section */
		0AE92D7A23EED3420062E536 /* Project object */ = {
			isa = PBXProject;
			attributes = {
				LastSwiftUpdateCheck = 1030;
				LastUpgradeCheck = 1030;
				ORGANIZATIONNAME = "Gayani Madubhashini";
				TargetAttributes = {
					0AE92D8123EED3420062E536 = {
						CreatedOnToolsVersion = 10.3;
					};
					0AE92D9523EED3430062E536 = {
						CreatedOnToolsVersion = 10.3;
						TestTargetID = 0AE92D8123EED3420062E536;
					};
					0AE92DA023EED3430062E536 = {
						CreatedOnToolsVersion = 10.3;
						TestTargetID = 0AE92D8123EED3420062E536;
					};
				};
			};
			buildConfigurationList = 0AE92D7D23EED3420062E536 /* Build configuration list for PBXProject "GayaniMadahapola-cobsccomp182p-002" */;
			compatibilityVersion = "Xcode 9.3";
			developmentRegion = en;
			hasScannedForEncodings = 0;
			knownRegions = (
				en,
				Base,
			);
			mainGroup = 0AE92D7923EED3420062E536;
			productRefGroup = 0AE92D8323EED3420062E536 /* Products */;
			projectDirPath = "";
			projectRoot = "";
			targets = (
				0AE92D8123EED3420062E536 /* GayaniMadahapola-cobsccomp182p-002 */,
				0AE92D9523EED3430062E536 /* GayaniMadahapola-cobsccomp182p-002Tests */,
				0AE92DA023EED3430062E536 /* GayaniMadahapola-cobsccomp182p-002UITests */,
			);
		};
/* End PBXProject section */

/* Begin PBXResourcesBuildPhase section */
		0AE92D8023EED3420062E536 /* Resources */ = {
			isa = PBXResourcesBuildPhase;
			buildActionMask = 2147483647;
			files = (
				0A3AD32D240A47340047CAA9 /* Main.png in Resources */,
				0AD2A7182406BD11000D3A92 /* LaunchScreen.storyboard in Resources */,
				0A3AD32F240A47340047CAA9 /* Inavalid password Error.png in Resources */,
				0A3AD32A240A47340047CAA9 /* Face ID screen.png in Resources */,
				0A3AD32E240A47340047CAA9 /* Allow msg for face ID.png in Resources */,
				0AD2A7162406BC4F000D3A92 /* Main.storyboard in Resources */,
				0A3AD329240A47340047CAA9 /* Face ID not recognized.png in Resources */,
				0AD2A7192406BF40000D3A92 /* Assets.xcassets in Resources */,
				0A3AD32C240A47340047CAA9 /* Login.png in Resources */,
				0A3AD32B240A47340047CAA9 /* SignUp.png in Resources */,
				0AC1F3BC24061B1C00FC2C81 /* GoogleService-Info.plist in Resources */,
			);
			runOnlyForDeploymentPostprocessing = 0;
		};
		0AE92D9423EED3430062E536 /* Resources */ = {
			isa = PBXResourcesBuildPhase;
			buildActionMask = 2147483647;
			files = (
			);
			runOnlyForDeploymentPostprocessing = 0;
		};
		0AE92D9F23EED3430062E536 /* Resources */ = {
			isa = PBXResourcesBuildPhase;
			buildActionMask = 2147483647;
			files = (
			);
			runOnlyForDeploymentPostprocessing = 0;
		};
/* End PBXResourcesBuildPhase section */

/* Begin PBXShellScriptBuildPhase section */
		124A37E5BD68EF430CF377E3 /* [CP] Embed Pods Frameworks */ = {
			isa = PBXShellScriptBuildPhase;
			buildActionMask = 2147483647;
			files = (
			);
			inputFileListPaths = (
				"${PODS_ROOT}/Target Support Files/Pods-GayaniMadahapola-cobsccomp182p-002/Pods-GayaniMadahapola-cobsccomp182p-002-frameworks-${CONFIGURATION}-input-files.xcfilelist",
			);
			name = "[CP] Embed Pods Frameworks";
			outputFileListPaths = (
				"${PODS_ROOT}/Target Support Files/Pods-GayaniMadahapola-cobsccomp182p-002/Pods-GayaniMadahapola-cobsccomp182p-002-frameworks-${CONFIGURATION}-output-files.xcfilelist",
			);
			runOnlyForDeploymentPostprocessing = 0;
			shellPath = /bin/sh;
			shellScript = "\"${PODS_ROOT}/Target Support Files/Pods-GayaniMadahapola-cobsccomp182p-002/Pods-GayaniMadahapola-cobsccomp182p-002-frameworks.sh\"\n";
			showEnvVarsInLog = 0;
		};
		3C325FE24E5C7E82F42356DD /* [CP] Check Pods Manifest.lock */ = {
			isa = PBXShellScriptBuildPhase;
			buildActionMask = 2147483647;
			files = (
			);
			inputFileListPaths = (
			);
			inputPaths = (
				"${PODS_PODFILE_DIR_PATH}/Podfile.lock",
				"${PODS_ROOT}/Manifest.lock",
			);
			name = "[CP] Check Pods Manifest.lock";
			outputFileListPaths = (
			);
			outputPaths = (
				"$(DERIVED_FILE_DIR)/Pods-GayaniMadahapola-cobsccomp182p-002-GayaniMadahapola-cobsccomp182p-002UITests-checkManifestLockResult.txt",
			);
			runOnlyForDeploymentPostprocessing = 0;
			shellPath = /bin/sh;
			shellScript = "diff \"${PODS_PODFILE_DIR_PATH}/Podfile.lock\" \"${PODS_ROOT}/Manifest.lock\" > /dev/null\nif [ $? != 0 ] ; then\n    # print error to STDERR\n    echo \"error: The sandbox is not in sync with the Podfile.lock. Run 'pod install' or update your CocoaPods installation.\" >&2\n    exit 1\nfi\n# This output is used by Xcode 'outputs' to avoid re-running this script phase.\necho \"SUCCESS\" > \"${SCRIPT_OUTPUT_FILE_0}\"\n";
			showEnvVarsInLog = 0;
		};
		DB37E9814048407B32CC4C5A /* [CP] Embed Pods Frameworks */ = {
			isa = PBXShellScriptBuildPhase;
			buildActionMask = 2147483647;
			files = (
			);
			inputFileListPaths = (
				"${PODS_ROOT}/Target Support Files/Pods-GayaniMadahapola-cobsccomp182p-002-GayaniMadahapola-cobsccomp182p-002UITests/Pods-GayaniMadahapola-cobsccomp182p-002-GayaniMadahapola-cobsccomp182p-002UITests-frameworks-${CONFIGURATION}-input-files.xcfilelist",
			);
			name = "[CP] Embed Pods Frameworks";
			outputFileListPaths = (
				"${PODS_ROOT}/Target Support Files/Pods-GayaniMadahapola-cobsccomp182p-002-GayaniMadahapola-cobsccomp182p-002UITests/Pods-GayaniMadahapola-cobsccomp182p-002-GayaniMadahapola-cobsccomp182p-002UITests-frameworks-${CONFIGURATION}-output-files.xcfilelist",
			);
			runOnlyForDeploymentPostprocessing = 0;
			shellPath = /bin/sh;
			shellScript = "\"${PODS_ROOT}/Target Support Files/Pods-GayaniMadahapola-cobsccomp182p-002-GayaniMadahapola-cobsccomp182p-002UITests/Pods-GayaniMadahapola-cobsccomp182p-002-GayaniMadahapola-cobsccomp182p-002UITests-frameworks.sh\"\n";
			showEnvVarsInLog = 0;
		};
		E10702B2F4203ABB46821C62 /* [CP] Check Pods Manifest.lock */ = {
			isa = PBXShellScriptBuildPhase;
			buildActionMask = 2147483647;
			files = (
			);
			inputFileListPaths = (
			);
			inputPaths = (
				"${PODS_PODFILE_DIR_PATH}/Podfile.lock",
				"${PODS_ROOT}/Manifest.lock",
			);
			name = "[CP] Check Pods Manifest.lock";
			outputFileListPaths = (
			);
			outputPaths = (
				"$(DERIVED_FILE_DIR)/Pods-GayaniMadahapola-cobsccomp182p-002Tests-checkManifestLockResult.txt",
			);
			runOnlyForDeploymentPostprocessing = 0;
			shellPath = /bin/sh;
			shellScript = "diff \"${PODS_PODFILE_DIR_PATH}/Podfile.lock\" \"${PODS_ROOT}/Manifest.lock\" > /dev/null\nif [ $? != 0 ] ; then\n    # print error to STDERR\n    echo \"error: The sandbox is not in sync with the Podfile.lock. Run 'pod install' or update your CocoaPods installation.\" >&2\n    exit 1\nfi\n# This output is used by Xcode 'outputs' to avoid re-running this script phase.\necho \"SUCCESS\" > \"${SCRIPT_OUTPUT_FILE_0}\"\n";
			showEnvVarsInLog = 0;
		};
		E418868605EC366C0A67B93D /* [CP] Check Pods Manifest.lock */ = {
			isa = PBXShellScriptBuildPhase;
			buildActionMask = 2147483647;
			files = (
			);
			inputFileListPaths = (
			);
			inputPaths = (
				"${PODS_PODFILE_DIR_PATH}/Podfile.lock",
				"${PODS_ROOT}/Manifest.lock",
			);
			name = "[CP] Check Pods Manifest.lock";
			outputFileListPaths = (
			);
			outputPaths = (
				"$(DERIVED_FILE_DIR)/Pods-GayaniMadahapola-cobsccomp182p-002-checkManifestLockResult.txt",
			);
			runOnlyForDeploymentPostprocessing = 0;
			shellPath = /bin/sh;
			shellScript = "diff \"${PODS_PODFILE_DIR_PATH}/Podfile.lock\" \"${PODS_ROOT}/Manifest.lock\" > /dev/null\nif [ $? != 0 ] ; then\n    # print error to STDERR\n    echo \"error: The sandbox is not in sync with the Podfile.lock. Run 'pod install' or update your CocoaPods installation.\" >&2\n    exit 1\nfi\n# This output is used by Xcode 'outputs' to avoid re-running this script phase.\necho \"SUCCESS\" > \"${SCRIPT_OUTPUT_FILE_0}\"\n";
			showEnvVarsInLog = 0;
		};
/* End PBXShellScriptBuildPhase section */

/* Begin PBXSourcesBuildPhase section */
		0AE92D7E23EED3420062E536 /* Sources */ = {
			isa = PBXSourcesBuildPhase;
			buildActionMask = 2147483647;
			files = (
				0A106B5B24087F720032EFC5 /* Utilities.swift in Sources */,
				0AE84B3923FE3D47006525E0 /* HomeViewController.swift in Sources */,
				0A3AD34E240A85F70047CAA9 /* EventHomeViewController.swift in Sources */,
				0A3AD359240B56980047CAA9 /* EventTimeline.swift in Sources */,
				0A3AD357240B4E1C0047CAA9 /* EventDetailViewController.swift in Sources */,
				0AE84B3523FE3D1A006525E0 /* LoginViewController.swift in Sources */,
				0AE92D8823EED3420062E536 /* ViewController.swift in Sources */,
				0A106B5D24088CC00032EFC5 /* Constants.swift in Sources */,
				0AE84B3723FE3D29006525E0 /* SignUpViewController.swift in Sources */,
				0AE92D8623EED3420062E536 /* AppDelegate.swift in Sources */,
			);
			runOnlyForDeploymentPostprocessing = 0;
		};
		0AE92D9223EED3430062E536 /* Sources */ = {
			isa = PBXSourcesBuildPhase;
			buildActionMask = 2147483647;
			files = (
				0AE92D9B23EED3430062E536 /* GayaniMadahapola_cobsccomp182p_002Tests.swift in Sources */,
			);
			runOnlyForDeploymentPostprocessing = 0;
		};
		0AE92D9D23EED3430062E536 /* Sources */ = {
			isa = PBXSourcesBuildPhase;
			buildActionMask = 2147483647;
			files = (
				0AE92DA623EED3430062E536 /* GayaniMadahapola_cobsccomp182p_002UITests.swift in Sources */,
			);
			runOnlyForDeploymentPostprocessing = 0;
		};
/* End PBXSourcesBuildPhase section */

/* Begin PBXTargetDependency section */
		0AE92D9823EED3430062E536 /* PBXTargetDependency */ = {
			isa = PBXTargetDependency;
			target = 0AE92D8123EED3420062E536 /* GayaniMadahapola-cobsccomp182p-002 */;
			targetProxy = 0AE92D9723EED3430062E536 /* PBXContainerItemProxy */;
		};
		0AE92DA323EED3430062E536 /* PBXTargetDependency */ = {
			isa = PBXTargetDependency;
			target = 0AE92D8123EED3420062E536 /* GayaniMadahapola-cobsccomp182p-002 */;
			targetProxy = 0AE92DA223EED3430062E536 /* PBXContainerItemProxy */;
		};
/* End PBXTargetDependency section */

/* Begin XCBuildConfiguration section */
		0AE92DA823EED3430062E536 /* Debug */ = {
			isa = XCBuildConfiguration;
			buildSettings = {
				ALWAYS_SEARCH_USER_PATHS = NO;
				CLANG_ANALYZER_NONNULL = YES;
				CLANG_ANALYZER_NUMBER_OBJECT_CONVERSION = YES_AGGRESSIVE;
				CLANG_CXX_LANGUAGE_STANDARD = "gnu++14";
				CLANG_CXX_LIBRARY = "libc++";
				CLANG_ENABLE_MODULES = YES;
				CLANG_ENABLE_OBJC_ARC = YES;
				CLANG_ENABLE_OBJC_WEAK = YES;
				CLANG_WARN_BLOCK_CAPTURE_AUTORELEASING = YES;
				CLANG_WARN_BOOL_CONVERSION = YES;
				CLANG_WARN_COMMA = YES;
				CLANG_WARN_CONSTANT_CONVERSION = YES;
				CLANG_WARN_DEPRECATED_OBJC_IMPLEMENTATIONS = YES;
				CLANG_WARN_DIRECT_OBJC_ISA_USAGE = YES_ERROR;
				CLANG_WARN_DOCUMENTATION_COMMENTS = YES;
				CLANG_WARN_EMPTY_BODY = YES;
				CLANG_WARN_ENUM_CONVERSION = YES;
				CLANG_WARN_INFINITE_RECURSION = YES;
				CLANG_WARN_INT_CONVERSION = YES;
				CLANG_WARN_NON_LITERAL_NULL_CONVERSION = YES;
				CLANG_WARN_OBJC_IMPLICIT_RETAIN_SELF = YES;
				CLANG_WARN_OBJC_LITERAL_CONVERSION = YES;
				CLANG_WARN_OBJC_ROOT_CLASS = YES_ERROR;
				CLANG_WARN_RANGE_LOOP_ANALYSIS = YES;
				CLANG_WARN_STRICT_PROTOTYPES = YES;
				CLANG_WARN_SUSPICIOUS_MOVE = YES;
				CLANG_WARN_UNGUARDED_AVAILABILITY = YES_AGGRESSIVE;
				CLANG_WARN_UNREACHABLE_CODE = YES;
				CLANG_WARN__DUPLICATE_METHOD_MATCH = YES;
				CODE_SIGN_IDENTITY = "iPhone Developer";
				COPY_PHASE_STRIP = NO;
				DEBUG_INFORMATION_FORMAT = "dwarf-with-dsym";
				ENABLE_STRICT_OBJC_MSGSEND = YES;
				ENABLE_TESTABILITY = YES;
				GCC_C_LANGUAGE_STANDARD = gnu11;
				GCC_DYNAMIC_NO_PIC = NO;
				GCC_NO_COMMON_BLOCKS = YES;
				GCC_OPTIMIZATION_LEVEL = 0;
				GCC_PREPROCESSOR_DEFINITIONS = (
					"DEBUG=1",
					"$(inherited)",
				);
				GCC_WARN_64_TO_32_BIT_CONVERSION = YES;
				GCC_WARN_ABOUT_RETURN_TYPE = YES_ERROR;
				GCC_WARN_UNDECLARED_SELECTOR = YES;
				GCC_WARN_UNINITIALIZED_AUTOS = YES_AGGRESSIVE;
				GCC_WARN_UNUSED_FUNCTION = YES;
				GCC_WARN_UNUSED_VARIABLE = YES;
				IPHONEOS_DEPLOYMENT_TARGET = 12.4;
				MTL_ENABLE_DEBUG_INFO = INCLUDE_SOURCE;
				MTL_FAST_MATH = YES;
				ONLY_ACTIVE_ARCH = YES;
				SDKROOT = iphoneos;
				SWIFT_ACTIVE_COMPILATION_CONDITIONS = DEBUG;
				SWIFT_OPTIMIZATION_LEVEL = "-Onone";
			};
			name = Debug;
		};
		0AE92DA923EED3430062E536 /* Release */ = {
			isa = XCBuildConfiguration;
			buildSettings = {
				ALWAYS_SEARCH_USER_PATHS = NO;
				CLANG_ANALYZER_NONNULL = YES;
				CLANG_ANALYZER_NUMBER_OBJECT_CONVERSION = YES_AGGRESSIVE;
				CLANG_CXX_LANGUAGE_STANDARD = "gnu++14";
				CLANG_CXX_LIBRARY = "libc++";
				CLANG_ENABLE_MODULES = YES;
				CLANG_ENABLE_OBJC_ARC = YES;
				CLANG_ENABLE_OBJC_WEAK = YES;
				CLANG_WARN_BLOCK_CAPTURE_AUTORELEASING = YES;
				CLANG_WARN_BOOL_CONVERSION = YES;
				CLANG_WARN_COMMA = YES;
				CLANG_WARN_CONSTANT_CONVERSION = YES;
				CLANG_WARN_DEPRECATED_OBJC_IMPLEMENTATIONS = YES;
				CLANG_WARN_DIRECT_OBJC_ISA_USAGE = YES_ERROR;
				CLANG_WARN_DOCUMENTATION_COMMENTS = YES;
				CLANG_WARN_EMPTY_BODY = YES;
				CLANG_WARN_ENUM_CONVERSION = YES;
				CLANG_WARN_INFINITE_RECURSION = YES;
				CLANG_WARN_INT_CONVERSION = YES;
				CLANG_WARN_NON_LITERAL_NULL_CONVERSION = YES;
				CLANG_WARN_OBJC_IMPLICIT_RETAIN_SELF = YES;
				CLANG_WARN_OBJC_LITERAL_CONVERSION = YES;
				CLANG_WARN_OBJC_ROOT_CLASS = YES_ERROR;
				CLANG_WARN_RANGE_LOOP_ANALYSIS = YES;
				CLANG_WARN_STRICT_PROTOTYPES = YES;
				CLANG_WARN_SUSPICIOUS_MOVE = YES;
				CLANG_WARN_UNGUARDED_AVAILABILITY = YES_AGGRESSIVE;
				CLANG_WARN_UNREACHABLE_CODE = YES;
				CLANG_WARN__DUPLICATE_METHOD_MATCH = YES;
				CODE_SIGN_IDENTITY = "iPhone Developer";
				COPY_PHASE_STRIP = NO;
				DEBUG_INFORMATION_FORMAT = "dwarf-with-dsym";
				ENABLE_NS_ASSERTIONS = NO;
				ENABLE_STRICT_OBJC_MSGSEND = YES;
				GCC_C_LANGUAGE_STANDARD = gnu11;
				GCC_NO_COMMON_BLOCKS = YES;
				GCC_WARN_64_TO_32_BIT_CONVERSION = YES;
				GCC_WARN_ABOUT_RETURN_TYPE = YES_ERROR;
				GCC_WARN_UNDECLARED_SELECTOR = YES;
				GCC_WARN_UNINITIALIZED_AUTOS = YES_AGGRESSIVE;
				GCC_WARN_UNUSED_FUNCTION = YES;
				GCC_WARN_UNUSED_VARIABLE = YES;
				IPHONEOS_DEPLOYMENT_TARGET = 12.4;
				MTL_ENABLE_DEBUG_INFO = NO;
				MTL_FAST_MATH = YES;
				SDKROOT = iphoneos;
				SWIFT_COMPILATION_MODE = wholemodule;
				SWIFT_OPTIMIZATION_LEVEL = "-O";
				VALIDATE_PRODUCT = YES;
			};
			name = Release;
		};
		0AE92DAB23EED3430062E536 /* Debug */ = {
			isa = XCBuildConfiguration;
			baseConfigurationReference = 50E690BB166B98AB2FC3F1AE /* Pods-GayaniMadahapola-cobsccomp182p-002.debug.xcconfig */;
			buildSettings = {
				ASSETCATALOG_COMPILER_APPICON_NAME = AppIcon;
				CODE_SIGN_IDENTITY = "iPhone Developer";
				CODE_SIGN_STYLE = Automatic;
				DEVELOPMENT_TEAM = "";
				INFOPLIST_FILE = "$(SRCROOT)/GayaniMadahapola-cobsccomp182p-002/Info.plist";
				LD_RUNPATH_SEARCH_PATHS = (
					"$(inherited)",
					"@executable_path/Frameworks",
				);
				PRODUCT_BUNDLE_IDENTIFIER = "com.example.GayaniMadahapola-cobsccomp182p-002";
				PRODUCT_NAME = "$(TARGET_NAME)";
				PROVISIONING_PROFILE_SPECIFIER = "";
				SWIFT_VERSION = 5.0;
				TARGETED_DEVICE_FAMILY = "1,2";
			};
			name = Debug;
		};
		0AE92DAC23EED3430062E536 /* Release */ = {
			isa = XCBuildConfiguration;
			baseConfigurationReference = 0C4CDBFDCE549B1B5B057069 /* Pods-GayaniMadahapola-cobsccomp182p-002.release.xcconfig */;
			buildSettings = {
				ASSETCATALOG_COMPILER_APPICON_NAME = AppIcon;
				CODE_SIGN_IDENTITY = "iPhone Developer";
				CODE_SIGN_STYLE = Automatic;
				DEVELOPMENT_TEAM = "";
				INFOPLIST_FILE = "$(SRCROOT)/GayaniMadahapola-cobsccomp182p-002/Info.plist";
				LD_RUNPATH_SEARCH_PATHS = (
					"$(inherited)",
					"@executable_path/Frameworks",
				);
				PRODUCT_BUNDLE_IDENTIFIER = "com.example.GayaniMadahapola-cobsccomp182p-002";
				PRODUCT_NAME = "$(TARGET_NAME)";
				PROVISIONING_PROFILE_SPECIFIER = "";
				SWIFT_VERSION = 5.0;
				TARGETED_DEVICE_FAMILY = "1,2";
			};
			name = Release;
		};
		0AE92DAE23EED3430062E536 /* Debug */ = {
			isa = XCBuildConfiguration;
			baseConfigurationReference = 1BF00D85456B22B9F80D4C22 /* Pods-GayaniMadahapola-cobsccomp182p-002Tests.debug.xcconfig */;
			buildSettings = {
				ALWAYS_EMBED_SWIFT_STANDARD_LIBRARIES = YES;
				BUNDLE_LOADER = "$(TEST_HOST)";
				CODE_SIGN_STYLE = Automatic;
				INFOPLIST_FILE = "GayaniMadahapola-cobsccomp182p-002Tests/Info.plist";
				LD_RUNPATH_SEARCH_PATHS = (
					"$(inherited)",
					"@executable_path/Frameworks",
					"@loader_path/Frameworks",
				);
				PRODUCT_BUNDLE_IDENTIFIER = "com.nibm.dream.GayaniMadahapola-cobsccomp182p-002Tests";
				PRODUCT_NAME = "$(TARGET_NAME)";
				SWIFT_VERSION = 5.0;
				TARGETED_DEVICE_FAMILY = "1,2";
				TEST_HOST = "$(BUILT_PRODUCTS_DIR)/GayaniMadahapola-cobsccomp182p-002.app/GayaniMadahapola-cobsccomp182p-002";
			};
			name = Debug;
		};
		0AE92DAF23EED3430062E536 /* Release */ = {
			isa = XCBuildConfiguration;
			baseConfigurationReference = ED9204619C43F008A10146FC /* Pods-GayaniMadahapola-cobsccomp182p-002Tests.release.xcconfig */;
			buildSettings = {
				ALWAYS_EMBED_SWIFT_STANDARD_LIBRARIES = YES;
				BUNDLE_LOADER = "$(TEST_HOST)";
				CODE_SIGN_STYLE = Automatic;
				INFOPLIST_FILE = "GayaniMadahapola-cobsccomp182p-002Tests/Info.plist";
				LD_RUNPATH_SEARCH_PATHS = (
					"$(inherited)",
					"@executable_path/Frameworks",
					"@loader_path/Frameworks",
				);
				PRODUCT_BUNDLE_IDENTIFIER = "com.nibm.dream.GayaniMadahapola-cobsccomp182p-002Tests";
				PRODUCT_NAME = "$(TARGET_NAME)";
				SWIFT_VERSION = 5.0;
				TARGETED_DEVICE_FAMILY = "1,2";
				TEST_HOST = "$(BUILT_PRODUCTS_DIR)/GayaniMadahapola-cobsccomp182p-002.app/GayaniMadahapola-cobsccomp182p-002";
			};
			name = Release;
		};
		0AE92DB123EED3430062E536 /* Debug */ = {
			isa = XCBuildConfiguration;
			baseConfigurationReference = 05CFA6D4D7C9F4D33EEB4F0F /* Pods-GayaniMadahapola-cobsccomp182p-002-GayaniMadahapola-cobsccomp182p-002UITests.debug.xcconfig */;
			buildSettings = {
				ALWAYS_EMBED_SWIFT_STANDARD_LIBRARIES = YES;
				CODE_SIGN_STYLE = Automatic;
				INFOPLIST_FILE = "GayaniMadahapola-cobsccomp182p-002UITests/Info.plist";
				LD_RUNPATH_SEARCH_PATHS = (
					"$(inherited)",
					"@executable_path/Frameworks",
					"@loader_path/Frameworks",
				);
				PRODUCT_BUNDLE_IDENTIFIER = "com.nibm.dream.GayaniMadahapola-cobsccomp182p-002UITests";
				PRODUCT_NAME = "$(TARGET_NAME)";
				SWIFT_VERSION = 5.0;
				TARGETED_DEVICE_FAMILY = "1,2";
				TEST_TARGET_NAME = "GayaniMadahapola-cobsccomp182p-002";
			};
			name = Debug;
		};
		0AE92DB223EED3430062E536 /* Release */ = {
			isa = XCBuildConfiguration;
			baseConfigurationReference = 73BDF462A3635B4B831B6946 /* Pods-GayaniMadahapola-cobsccomp182p-002-GayaniMadahapola-cobsccomp182p-002UITests.release.xcconfig */;
			buildSettings = {
				ALWAYS_EMBED_SWIFT_STANDARD_LIBRARIES = YES;
				CODE_SIGN_STYLE = Automatic;
				INFOPLIST_FILE = "GayaniMadahapola-cobsccomp182p-002UITests/Info.plist";
				LD_RUNPATH_SEARCH_PATHS = (
					"$(inherited)",
					"@executable_path/Frameworks",
					"@loader_path/Frameworks",
				);
				PRODUCT_BUNDLE_IDENTIFIER = "com.nibm.dream.GayaniMadahapola-cobsccomp182p-002UITests";
				PRODUCT_NAME = "$(TARGET_NAME)";
				SWIFT_VERSION = 5.0;
				TARGETED_DEVICE_FAMILY = "1,2";
				TEST_TARGET_NAME = "GayaniMadahapola-cobsccomp182p-002";
			};
			name = Release;
		};
/* End XCBuildConfiguration section */

/* Begin XCConfigurationList section */
		0AE92D7D23EED3420062E536 /* Build configuration list for PBXProject "GayaniMadahapola-cobsccomp182p-002" */ = {
			isa = XCConfigurationList;
			buildConfigurations = (
				0AE92DA823EED3430062E536 /* Debug */,
				0AE92DA923EED3430062E536 /* Release */,
			);
			defaultConfigurationIsVisible = 0;
			defaultConfigurationName = Release;
		};
		0AE92DAA23EED3430062E536 /* Build configuration list for PBXNativeTarget "GayaniMadahapola-cobsccomp182p-002" */ = {
			isa = XCConfigurationList;
			buildConfigurations = (
				0AE92DAB23EED3430062E536 /* Debug */,
				0AE92DAC23EED3430062E536 /* Release */,
			);
			defaultConfigurationIsVisible = 0;
			defaultConfigurationName = Release;
		};
		0AE92DAD23EED3430062E536 /* Build configuration list for PBXNativeTarget "GayaniMadahapola-cobsccomp182p-002Tests" */ = {
			isa = XCConfigurationList;
			buildConfigurations = (
				0AE92DAE23EED3430062E536 /* Debug */,
				0AE92DAF23EED3430062E536 /* Release */,
			);
			defaultConfigurationIsVisible = 0;
			defaultConfigurationName = Release;
		};
		0AE92DB023EED3430062E536 /* Build configuration list for PBXNativeTarget "GayaniMadahapola-cobsccomp182p-002UITests" */ = {
			isa = XCConfigurationList;
			buildConfigurations = (
				0AE92DB123EED3430062E536 /* Debug */,
				0AE92DB223EED3430062E536 /* Release */,
			);
			defaultConfigurationIsVisible = 0;
			defaultConfigurationName = Release;
		};
/* End XCConfigurationList section */
	};
	rootObject = 0AE92D7A23EED3420062E536 /* Project object */;
}
